
Microsoft Visual Studio Solution File, Format Version 12.00
# Visual Studio 14
VisualStudioVersion = 14.0.25420.1
MinimumVisualStudioVersion = 10.0.40219.1
Project("{FAE04EC0-301F-11D3-BF4B-00C04F79EFBC}") = "Fahrplanauskunft", "Fahrplanauskunft\Fahrplanauskunft.csproj", "{59333DC7-72E0-43CE-8915-5F7E3C79192E}"
EndProject
Project("{FAE04EC0-301F-11D3-BF4B-00C04F79EFBC}") = "Fahrplanauskunft.Test", "Fahrplanauskunft.Test\Fahrplanauskunft.Test.csproj", "{F1D6AF57-90C8-4311-8B2B-9439BED2230F}"
EndProject
Project("{FAE04EC0-301F-11D3-BF4B-00C04F79EFBC}") = "Fahrplanauskunft.UI.Windows.Editor.Test", "Fahrplanauskunft.UI.Windows.Editor.Test\Fahrplanauskunft.UI.Windows.Editor.Test.csproj", "{4B9BCBE1-5921-41CD-8984-A2BF841E31FE}"
EndProject
Project("{FAE04EC0-301F-11D3-BF4B-00C04F79EFBC}") = "Fahrplanauskunft.UI.Windows.Editor", "Fahrplanauskunft.UI.Windows.Editor\Fahrplanauskunft.UI.Windows.Editor.csproj", "{5F03A0E4-9FDA-4091-9729-EEE7C4B3FBCB}"
EndProject
Project("{FAE04EC0-301F-11D3-BF4B-00C04F79EFBC}") = "Fahrplanauskunft.ViewModelBase", "Fahrplanauskunft.ViewModelBase\Fahrplanauskunft.ViewModelBase.csproj", "{D653AFDC-CAF3-4A27-9F75-F711D3D64966}"
EndProject
Project("{FAE04EC0-301F-11D3-BF4B-00C04F79EFBC}") = "Fahrplanauskunft.ViewModelBase.Test", "Fahrplanauskunft.ViewModelBase.Test\Fahrplanauskunft.ViewModelBase.Test.csproj", "{924584DA-9E40-4D65-80F8-CB7B9F943027}"
EndProject
Project("{FAE04EC0-301F-11D3-BF4B-00C04F79EFBC}") = "Fahrplanauskunft.ViewModel", "Fahrplanauskunft.ViewModel\Fahrplanauskunft.ViewModel.csproj", "{414E8DE7-32CD-41A0-B85A-C3BC3B05A5EE}"
EndProject
Project("{FAE04EC0-301F-11D3-BF4B-00C04F79EFBC}") = "Fahrplanauskunft.ViewModel.Test", "Fahrplanauskunft.ViewModel.Test\Fahrplanauskunft.ViewModel.Test.csproj", "{5DB8E3D8-F850-4BB9-98A5-060C6D6A7FE4}"
EndProject
Project("{FAE04EC0-301F-11D3-BF4B-00C04F79EFBC}") = "Fahrplanauskunft.UI.Windows.View", "Fahrplanauskunft.UI.Windows.View\Fahrplanauskunft.UI.Windows.View.csproj", "{4ACDEC3E-9CB4-4256-AA15-FFF819C13930}"
EndProject
Project("{FAE04EC0-301F-11D3-BF4B-00C04F79EFBC}") = "Fahrplanauskunft.UI.Windows.View.Test", "Fahrplanauskunft.UI.Windows.View.Test\Fahrplanauskunft.UI.Windows.View.Test.csproj", "{A6A6A4EF-500A-43E8-B1FF-3FA76A3FB41D}"
EndProject
Global
	GlobalSection(SolutionConfigurationPlatforms) = preSolution
		Debug|Any CPU = Debug|Any CPU
		Release|Any CPU = Release|Any CPU
	EndGlobalSection
	GlobalSection(ProjectConfigurationPlatforms) = postSolution
		{59333DC7-72E0-43CE-8915-5F7E3C79192E}.Debug|Any CPU.ActiveCfg = Debug|Any CPU
		{59333DC7-72E0-43CE-8915-5F7E3C79192E}.Debug|Any CPU.Build.0 = Debug|Any CPU
		{59333DC7-72E0-43CE-8915-5F7E3C79192E}.Release|Any CPU.ActiveCfg = Release|Any CPU
		{59333DC7-72E0-43CE-8915-5F7E3C79192E}.Release|Any CPU.Build.0 = Release|Any CPU
		{F1D6AF57-90C8-4311-8B2B-9439BED2230F}.Debug|Any CPU.ActiveCfg = Debug|Any CPU
		{F1D6AF57-90C8-4311-8B2B-9439BED2230F}.Debug|Any CPU.Build.0 = Debug|Any CPU
		{F1D6AF57-90C8-4311-8B2B-9439BED2230F}.Release|Any CPU.ActiveCfg = Release|Any CPU
		{F1D6AF57-90C8-4311-8B2B-9439BED2230F}.Release|Any CPU.Build.0 = Release|Any CPU
		{4B9BCBE1-5921-41CD-8984-A2BF841E31FE}.Debug|Any CPU.ActiveCfg = Debug|Any CPU
		{4B9BCBE1-5921-41CD-8984-A2BF841E31FE}.Debug|Any CPU.Build.0 = Debug|Any CPU
		{4B9BCBE1-5921-41CD-8984-A2BF841E31FE}.Release|Any CPU.ActiveCfg = Release|Any CPU
		{4B9BCBE1-5921-41CD-8984-A2BF841E31FE}.Release|Any CPU.Build.0 = Release|Any CPU
		{5F03A0E4-9FDA-4091-9729-EEE7C4B3FBCB}.Debug|Any CPU.ActiveCfg = Debug|Any CPU
		{5F03A0E4-9FDA-4091-9729-EEE7C4B3FBCB}.Debug|Any CPU.Build.0 = Debug|Any CPU
		{5F03A0E4-9FDA-4091-9729-EEE7C4B3FBCB}.Release|Any CPU.ActiveCfg = Release|Any CPU
		{5F03A0E4-9FDA-4091-9729-EEE7C4B3FBCB}.Release|Any CPU.Build.0 = Release|Any CPU
		{D653AFDC-CAF3-4A27-9F75-F711D3D64966}.Debug|Any CPU.ActiveCfg = Debug|Any CPU
		{D653AFDC-CAF3-4A27-9F75-F711D3D64966}.Debug|Any CPU.Build.0 = Debug|Any CPU
		{D653AFDC-CAF3-4A27-9F75-F711D3D64966}.Release|Any CPU.ActiveCfg = Release|Any CPU
		{D653AFDC-CAF3-4A27-9F75-F711D3D64966}.Release|Any CPU.Build.0 = Release|Any CPU
		{924584DA-9E40-4D65-80F8-CB7B9F943027}.Debug|Any CPU.ActiveCfg = Debug|Any CPU
		{924584DA-9E40-4D65-80F8-CB7B9F943027}.Debug|Any CPU.Build.0 = Debug|Any CPU
		{924584DA-9E40-4D65-80F8-CB7B9F943027}.Release|Any CPU.ActiveCfg = Release|Any CPU
		{924584DA-9E40-4D65-80F8-CB7B9F943027}.Release|Any CPU.Build.0 = Release|Any CPU
		{414E8DE7-32CD-41A0-B85A-C3BC3B05A5EE}.Debug|Any CPU.ActiveCfg = Debug|Any CPU
		{414E8DE7-32CD-41A0-B85A-C3BC3B05A5EE}.Debug|Any CPU.Build.0 = Debug|Any CPU
		{414E8DE7-32CD-41A0-B85A-C3BC3B05A5EE}.Release|Any CPU.ActiveCfg = Release|Any CPU
		{414E8DE7-32CD-41A0-B85A-C3BC3B05A5EE}.Release|Any CPU.Build.0 = Release|Any CPU
		{5DB8E3D8-F850-4BB9-98A5-060C6D6A7FE4}.Debug|Any CPU.ActiveCfg = Debug|Any CPU
		{5DB8E3D8-F850-4BB9-98A5-060C6D6A7FE4}.Debug|Any CPU.Build.0 = Debug|Any CPU
		{5DB8E3D8-F850-4BB9-98A5-060C6D6A7FE4}.Release|Any CPU.ActiveCfg = Release|Any CPU
		{5DB8E3D8-F850-4BB9-98A5-060C6D6A7FE4}.Release|Any CPU.Build.0 = Release|Any CPU
		{4ACDEC3E-9CB4-4256-AA15-FFF819C13930}.Debug|Any CPU.ActiveCfg = Debug|Any CPU
		{4ACDEC3E-9CB4-4256-AA15-FFF819C13930}.Debug|Any CPU.Build.0 = Debug|Any CPU
		{4ACDEC3E-9CB4-4256-AA15-FFF819C13930}.Release|Any CPU.ActiveCfg = Release|Any CPU
		{4ACDEC3E-9CB4-4256-AA15-FFF819C13930}.Release|Any CPU.Build.0 = Release|Any CPU
		{A6A6A4EF-500A-43E8-B1FF-3FA76A3FB41D}.Debug|Any CPU.ActiveCfg = Debug|Any CPU
		{A6A6A4EF-500A-43E8-B1FF-3FA76A3FB41D}.Debug|Any CPU.Build.0 = Debug|Any CPU
		{A6A6A4EF-500A-43E8-B1FF-3FA76A3FB41D}.Release|Any CPU.ActiveCfg = Release|Any CPU
		{A6A6A4EF-500A-43E8-B1FF-3FA76A3FB41D}.Release|Any CPU.Build.0 = Release|Any CPU
	EndGlobalSection
	GlobalSection(SolutionProperties) = preSolution
		HideSolutionNode = FALSE
	EndGlobalSection
EndGlobal
